<?xml version="1.0" encoding="utf-8"?>
<Project ToolsVersion="4.0" xmlns="http://schemas.microsoft.com/developer/msbuild/2003">
  <ItemGroup>
    <Filter Include="Source Files">
      <UniqueIdentifier>{4FC737F1-C7A5-4376-A066-2A32D752A2FF}</UniqueIdentifier>
      <Extensions>cpp;c;cc;cxx;def;odl;idl;hpj;bat;asm;asmx</Extensions>
    </Filter>
    <Filter Include="Header Files">
      <UniqueIdentifier>{93995380-89BD-4b04-88EB-625FBE52EBFB}</UniqueIdentifier>
      <Extensions>h;hpp;hxx;hm;inl;inc;xsd</Extensions>
    </Filter>
    <Filter Include="Resource Files">
      <UniqueIdentifier>{67DA6AB6-F800-4c08-8B7A-83BB121AAD01}</UniqueIdentifier>
      <Extensions>rc;ico;cur;bmp;dlg;rc2;rct;bin;rgs;gif;jpg;jpeg;jpe;resx;tiff;tif;png;wav;mfcribbon-ms</Extensions>
    </Filter>
    <Filter Include="Source Files\PKB">
      <UniqueIdentifier>{82d22036-035b-42c3-8300-c2198354b0c1}</UniqueIdentifier>
    </Filter>
    <Filter Include="Source Files\Parser">
      <UniqueIdentifier>{e48a36ca-8d9f-4a30-a1c9-a8eafb5bf4de}</UniqueIdentifier>
    </Filter>
    <Filter Include="Source Files\DesignExtractor">
      <UniqueIdentifier>{feb04fa3-3b65-4a97-8b03-b717002e5cc9}</UniqueIdentifier>
    </Filter>
    <Filter Include="Source Files\Utility">
      <UniqueIdentifier>{c265287f-a99e-4fef-85ae-e659b500cae1}</UniqueIdentifier>
    </Filter>
    <Filter Include="Source Files\PreProcessor">
      <UniqueIdentifier>{838d1f7d-5901-41d5-8dc9-9d539926cfa8}</UniqueIdentifier>
    </Filter>
    <Filter Include="Header Files\PKB">
      <UniqueIdentifier>{13f069e0-e954-466b-8505-cd15e8a90e05}</UniqueIdentifier>
    </Filter>
    <Filter Include="Header Files\Parser">
      <UniqueIdentifier>{d5afa46f-8448-45eb-8bec-f22c9552385d}</UniqueIdentifier>
    </Filter>
    <Filter Include="Header Files\PreProcessor">
      <UniqueIdentifier>{cac60fc2-d42d-435b-bad2-2c8b04b03f47}</UniqueIdentifier>
    </Filter>
    <Filter Include="Header Files\DesignExtractor">
      <UniqueIdentifier>{d5df4c81-6521-4b5c-8f58-d5f722db13d7}</UniqueIdentifier>
    </Filter>
    <Filter Include="Source Files\PQL">
      <UniqueIdentifier>{59c428df-1c3b-48a3-abe2-e4608eb59d89}</UniqueIdentifier>
    </Filter>
    <Filter Include="Header Files\PQL">
      <UniqueIdentifier>{e1fc83d8-3017-42ba-af3b-a8d213df8973}</UniqueIdentifier>
    </Filter>
    <Filter Include="Header Files\Utility">
      <UniqueIdentifier>{1a3253b3-d885-4a23-b710-7bdbf7a229b8}</UniqueIdentifier>
    </Filter>
  </ItemGroup>
  <ItemGroup>
    <ClCompile Include="..\source\AssignParser.cpp">
      <Filter>Source Files\Parser</Filter>
    </ClCompile>
    <ClCompile Include="..\source\ConditionalExp.cpp">
      <Filter>Source Files\Utility</Filter>
    </ClCompile>
    <ClCompile Include="..\source\DesignExtractor.cpp">
      <Filter>Source Files\DesignExtractor</Filter>
    </ClCompile>
    <ClCompile Include="..\source\IfParser.cpp">
      <Filter>Source Files\Parser</Filter>
    </ClCompile>
    <ClCompile Include="..\source\ElseParser.cpp">
      <Filter>Source Files\Parser</Filter>
    </ClCompile>
    <ClCompile Include="..\source\WhileParser.cpp">
      <Filter>Source Files\Parser</Filter>
    </ClCompile>
    <ClCompile Include="..\source\ReadParser.cpp">
      <Filter>Source Files\Parser</Filter>
    </ClCompile>
    <ClCompile Include="..\source\PrintParser.cpp">
      <Filter>Source Files\PKB</Filter>
    </ClCompile>
    <ClCompile Include="..\source\ModifyStorage.cpp">
      <Filter>Source Files\PKB</Filter>
    </ClCompile>
    <ClCompile Include="..\source\ParentStorage.cpp">
      <Filter>Source Files\PKB</Filter>
    </ClCompile>
    <ClCompile Include="..\source\PKB.cpp">
      <Filter>Source Files\PKB</Filter>
    </ClCompile>
    <ClCompile Include="..\source\FollowStorage.cpp">
      <Filter>Source Files\PKB</Filter>
    </ClCompile>
    <ClCompile Include="..\source\Parser.cpp">
      <Filter>Source Files\Parser</Filter>
    </ClCompile>
    <ClCompile Include="..\source\ExpressionUtil.cpp">
      <Filter>Source Files\Utility</Filter>
    </ClCompile>
    <ClCompile Include="..\source\LexicalToken.cpp">
      <Filter>Source Files\Utility</Filter>
    </ClCompile>
    <ClCompile Include="..\source\StringUtil.cpp">
      <Filter>Source Files\Utility</Filter>
    </ClCompile>
    <ClCompile Include="..\source\QueryEvaluator.cpp">
      <Filter>Source Files\PQL</Filter>
    </ClCompile>
    <ClCompile Include="..\source\QueryParser.cpp">
      <Filter>Source Files\PQL</Filter>
    </ClCompile>
    <ClCompile Include="..\source\Statement.cpp">
      <Filter>Source Files\PreProcessor</Filter>
    </ClCompile>
    <ClCompile Include="..\source\ProcedureParser.cpp">
      <Filter>Source Files\Parser</Filter>
    </ClCompile>
    <ClCompile Include="..\source\UseStorage.cpp">
      <Filter>Source Files\PKB</Filter>
    </ClCompile>
    <ClCompile Include="..\source\Preprocessor.cpp">
      <Filter>Source Files\PreProcessor</Filter>
    </ClCompile>
    <ClCompile Include="..\source\QueryValidator.cpp">
      <Filter>Source Files\PQL</Filter>
    </ClCompile>
    <ClCompile Include="..\source\CallParser.cpp">
      <Filter>Source Files\Parser</Filter>
    </ClCompile>
    <ClCompile Include="..\source\PrintParser.cpp">
      <Filter>Source Files\Parser</Filter>
    </ClCompile>
    <ClCompile Include="..\source\CallStorage.cpp">
      <Filter>Source Files\PKB</Filter>
    </ClCompile>
    <ClCompile Include="..\source\NextStorage.cpp">
      <Filter>Source Files\PKB</Filter>
    </ClCompile>
    <ClCompile Include="..\source\RunTimeDesignExtractor.cpp">
      <Filter>Source Files\DesignExtractor</Filter>
    </ClCompile>
    <ClCompile Include="..\source\CtrlVarStorage.cpp">
      <Filter>Source Files\PKB</Filter>
    </ClCompile>
    <ClCompile Include="..\source\Optimizer.cpp">
      <Filter>Source Files\PQL</Filter>
    </ClCompile>
    <ClCompile Include="..\source\OptimizerUtility.cpp">
      <Filter>Source Files\Utility</Filter>
    </ClCompile>
    <ClCompile Include="..\source\QueryUtility.cpp">
      <Filter>Source Files\Utility</Filter>
    </ClCompile>
    <ClCompile Include="..\source\FollowsEvaluator.cpp">
      <Filter>Source Files\PQL</Filter>
    </ClCompile>
    <ClCompile Include="..\source\FollowsStarEvaluator.cpp">
      <Filter>Source Files\PQL</Filter>
    </ClCompile>
    <ClCompile Include="..\source\ParentEvaluator.cpp">
      <Filter>Source Files\PQL</Filter>
    </ClCompile>
    <ClCompile Include="..\source\ParentStarEvaluator.cpp">
      <Filter>Source Files\PQL</Filter>
    </ClCompile>
    <ClCompile Include="..\source\UsesEvaluator.cpp">
      <Filter>Source Files\PQL</Filter>
    </ClCompile>
    <ClCompile Include="..\source\ModifiesEvaluator.cpp">
      <Filter>Source Files\PQL</Filter>
    </ClCompile>
    <ClCompile Include="..\source\CallsEvaluator.cpp">
      <Filter>Source Files\PQL</Filter>
    </ClCompile>
    <ClCompile Include="..\source\CallsStarEvaluator.cpp">
      <Filter>Source Files\PQL</Filter>
    </ClCompile>
    <ClCompile Include="..\source\NextEvaluator.cpp">
      <Filter>Source Files\PQL</Filter>
    </ClCompile>
    <ClCompile Include="..\source\NextStarEvaluator.cpp">
      <Filter>Source Files\PQL</Filter>
    </ClCompile>
    <ClCompile Include="..\source\AffectsEvaluator.cpp">
      <Filter>Source Files\PQL</Filter>
    </ClCompile>
    <ClCompile Include="..\source\AffectsStarEvaluator.cpp">
      <Filter>Source Files\PQL</Filter>
    </ClCompile>
    <ClCompile Include="..\source\AssignEvaluator.cpp">
      <Filter>Source Files\PQL</Filter>
    </ClCompile>
    <ClCompile Include="..\source\IfEvaluator.cpp">
      <Filter>Source Files\PQL</Filter>
    </ClCompile>
    <ClCompile Include="..\source\WithEvaluator.cpp">
      <Filter>Source Files\PQL</Filter>
    </ClCompile>
    <ClCompile Include="..\source\SuchThatEvaluator.cpp">
      <Filter>Source Files\PQL</Filter>
    </ClCompile>
    <ClCompile Include="..\source\PatternEvaluator.cpp">
      <Filter>Source Files\PQL</Filter>
    </ClCompile>
    <ClCompile Include="..\source\WhileEvaluator.cpp">
      <Filter>Source Files\PQL</Filter>
    </ClCompile>
  </ItemGroup>
  <ItemGroup>
    <ClInclude Include="..\source\PKB.h">
      <Filter>Header Files\PKB</Filter>
    </ClInclude>
    <ClInclude Include="..\source\ParentStorage.h">
      <Filter>Header Files\PKB</Filter>
    </ClInclude>
    <ClInclude Include="..\source\FollowStorage.h">
      <Filter>Header Files\PKB</Filter>
    </ClInclude>
    <ClInclude Include="..\source\ModifyStorage.h">
      <Filter>Header Files\PKB</Filter>
    </ClInclude>
    <ClInclude Include="..\source\UseStorage.h">
      <Filter>Header Files\PKB</Filter>
    </ClInclude>
    <ClInclude Include="..\source\AssignParser.h">
      <Filter>Header Files\Parser</Filter>
    </ClInclude>
    <ClInclude Include="..\source\ElseParser.h">
      <Filter>Header Files\Parser</Filter>
    </ClInclude>
    <ClInclude Include="..\source\IfParser.h">
      <Filter>Header Files\Parser</Filter>
    </ClInclude>
    <ClInclude Include="..\source\Parser.h">
      <Filter>Header Files\Parser</Filter>
    </ClInclude>
    <ClInclude Include="..\source\PrintParser.h">
      <Filter>Header Files\Parser</Filter>
    </ClInclude>
    <ClInclude Include="..\source\ProcedureParser.h">
      <Filter>Header Files\Parser</Filter>
    </ClInclude>
    <ClInclude Include="..\source\ReadParser.h">
      <Filter>Header Files\Parser</Filter>
    </ClInclude>
    <ClInclude Include="..\source\WhileParser.h">
      <Filter>Header Files\Parser</Filter>
    </ClInclude>
    <ClInclude Include="..\source\Statement.h">
      <Filter>Header Files\PreProcessor</Filter>
    </ClInclude>
    <ClInclude Include="..\source\DesignExtractor.h">
      <Filter>Header Files\DesignExtractor</Filter>
    </ClInclude>
    <ClInclude Include="..\source\QueryEvaluator.h">
      <Filter>Header Files\PQL</Filter>
    </ClInclude>
    <ClInclude Include="..\source\QueryParser.h">
      <Filter>Header Files\PQL</Filter>
    </ClInclude>
    <ClInclude Include="..\source\ConditionalExp.h">
      <Filter>Header Files\Utility</Filter>
    </ClInclude>
    <ClInclude Include="..\source\ExpressionUtil.h">
      <Filter>Header Files\Utility</Filter>
    </ClInclude>
    <ClInclude Include="..\source\Hasher.h">
      <Filter>Header Files\Utility</Filter>
    </ClInclude>
    <ClInclude Include="..\source\LexicalToken.h">
      <Filter>Header Files\Utility</Filter>
    </ClInclude>
    <ClInclude Include="..\source\StringUtil.h">
      <Filter>Header Files\Utility</Filter>
    </ClInclude>
    <ClInclude Include="..\source\CallParser.h">
      <Filter>Header Files\Parser</Filter>
    </ClInclude>
    <ClInclude Include="..\source\CallStorage.h">
      <Filter>Header Files\PKB</Filter>
    </ClInclude>
    <ClInclude Include="..\source\NextStorage.h">
      <Filter>Header Files\PKB</Filter>
    </ClInclude>
    <ClInclude Include="..\source\RunTimeDesignExtractor.h">
      <Filter>Header Files\DesignExtractor</Filter>
    </ClInclude>
    <ClInclude Include="..\source\QueryValidator.h">
      <Filter>Header Files\PQL</Filter>
    </ClInclude>
    <ClInclude Include="..\source\Preprocessor.h">
      <Filter>Header Files\PreProcessor</Filter>
    </ClInclude>
    <ClInclude Include="..\source\CtrlVarStorage.h">
      <Filter>Header Files\PKB</Filter>
    </ClInclude>
    <ClInclude Include="..\source\Optimizer.h">
      <Filter>Header Files\PQL</Filter>
    </ClInclude>
    <ClInclude Include="..\source\OptimizerUtility.h">
      <Filter>Header Files\Utility</Filter>
    </ClInclude>
    <ClInclude Include="..\source\Preprocessor.h">
      <Filter>Header Files\PreProcessor</Filter>
    </ClInclude>
    <ClInclude Include="..\source\QueryValidator.h">
      <Filter>Header Files\PQL</Filter>
    </ClInclude>
    <ClInclude Include="..\source\QueryUtility.h">
      <Filter>Header Files\Utility</Filter>
    </ClInclude>
    <ClInclude Include="..\source\FollowsEvaluator.h">
      <Filter>Header Files\PQL</Filter>
    </ClInclude>
    <ClInclude Include="..\source\FollowsStarEvaluator.h">
      <Filter>Header Files\PQL</Filter>
    </ClInclude>
    <ClInclude Include="..\source\ParentEvaluator.h">
      <Filter>Header Files\PQL</Filter>
    </ClInclude>
    <ClInclude Include="..\source\ParentStarEvaluator.h">
      <Filter>Header Files\PQL</Filter>
    </ClInclude>
    <ClInclude Include="..\source\UsesEvaluator.h">
      <Filter>Header Files\PQL</Filter>
    </ClInclude>
    <ClInclude Include="..\source\ModifiesEvaluator.h">
      <Filter>Header Files\PQL</Filter>
    </ClInclude>
    <ClInclude Include="..\source\CallsEvaluator.h">
      <Filter>Header Files\PQL</Filter>
    </ClInclude>
    <ClInclude Include="..\source\CallsStarEvaluator.h">
      <Filter>Header Files\PQL</Filter>
    </ClInclude>
    <ClInclude Include="..\source\NextEvaluator.h">
      <Filter>Header Files\PQL</Filter>
    </ClInclude>
    <ClInclude Include="..\source\NextStarEvaluator.h">
      <Filter>Header Files\PQL</Filter>
    </ClInclude>
    <ClInclude Include="..\source\AffectsEvaluator.h">
      <Filter>Header Files\PQL</Filter>
    </ClInclude>
    <ClInclude Include="..\source\AffectsStarEvaluator.h">
      <Filter>Header Files\PQL</Filter>
    </ClInclude>
    <ClInclude Include="..\source\AssignEvaluator.h">
      <Filter>Header Files\PQL</Filter>
    </ClInclude>
    <ClInclude Include="..\source\IfEvaluator.h">
      <Filter>Header Files\PQL</Filter>
    </ClInclude>
    <ClInclude Include="..\source\WhileEvaluator.h">
      <Filter>Header Files\PQL</Filter>
    </ClInclude>
    <ClInclude Include="..\source\WithEvaluator.h">
      <Filter>Header Files\PQL</Filter>
    </ClInclude>
    <ClInclude Include="..\source\SuchThatEvaluator.h">
      <Filter>Header Files\PQL</Filter>
    </ClInclude>
    <ClInclude Include="..\source\PatternEvaluator.h">
      <Filter>Header Files\PQL</Filter>
    </ClInclude>
  </ItemGroup>
</Project>