<?xml version="1.0" encoding="utf-8"?>
<Project ToolsVersion="4.0" xmlns="http://schemas.microsoft.com/developer/msbuild/2003">
  <ItemGroup>
    <Filter Include="Source Files">
      <UniqueIdentifier>{4FC737F1-C7A5-4376-A066-2A32D752A2FF}</UniqueIdentifier>
      <Extensions>cpp;c;cc;cxx;def;odl;idl;hpj;bat;asm;asmx</Extensions>
    </Filter>
    <Filter Include="Header Files">
      <UniqueIdentifier>{93995380-89BD-4b04-88EB-625FBE52EBFB}</UniqueIdentifier>
      <Extensions>h;hh;hpp;hxx;hm;inl;inc;xsd</Extensions>
    </Filter>
    <Filter Include="Resource Files">
      <UniqueIdentifier>{67DA6AB6-F800-4c08-8B7A-83BB121AAD01}</UniqueIdentifier>
      <Extensions>rc;ico;cur;bmp;dlg;rc2;rct;bin;rgs;gif;jpg;jpeg;jpe;resx;tiff;tif;png;wav;mfcribbon-ms</Extensions>
    </Filter>
  </ItemGroup>
  <ItemGroup>
    <ClInclude Include="stdafx.h">
      <Filter>Header Files</Filter>
    </ClInclude>
    <ClInclude Include="targetver.h">
      <Filter>Header Files</Filter>
    </ClInclude>
    <ClInclude Include="PKB\ParentStorageStub.h">
      <Filter>Header Files</Filter>
    </ClInclude>
    <ClInclude Include="PKB\FollowStorageStub.h">
      <Filter>Header Files</Filter>
    </ClInclude>
    <ClInclude Include="PKB\UseStorageStub.h">
      <Filter>Header Files</Filter>
    </ClInclude>
    <ClInclude Include="PKB\ModifyStorageStub.h">
      <Filter>Header Files</Filter>
    </ClInclude>
    <ClInclude Include="PKB\CallStorageStub.h">
      <Filter>Header Files</Filter>
    </ClInclude>
    <ClInclude Include="PKB\NextStorageStub.h">
      <Filter>Header Files</Filter>
    </ClInclude>
    <ClInclude Include="PKB\PKBStub.h">
      <Filter>Header Files</Filter>
    </ClInclude>
    <ClInclude Include="PKB\CtrlVarStorageStub.h">
      <Filter>Header Files</Filter>
    </ClInclude>
  </ItemGroup>
  <ItemGroup>
    <ClCompile Include="stdafx.cpp">
      <Filter>Source Files</Filter>
    </ClCompile>
    <ClCompile Include="PQL\QueryValidatorTest.cpp">
      <Filter>Source Files</Filter>
    </ClCompile>
    <ClCompile Include="PQL\QueryParserTest.cpp">
      <Filter>Source Files</Filter>
    </ClCompile>
    <ClCompile Include="Parser\ReadParserTest.cpp">
      <Filter>Source Files</Filter>
    </ClCompile>
    <ClCompile Include="Parser\procedureParserTest.cpp">
      <Filter>Source Files</Filter>
    </ClCompile>
    <ClCompile Include="Parser\PrintParserTest.cpp">
      <Filter>Source Files</Filter>
    </ClCompile>
    <ClCompile Include="Parser\AssignParserTest.cpp">
      <Filter>Source Files</Filter>
    </ClCompile>
    <ClCompile Include="PreProcessor\PreprocessorTest.cpp">
      <Filter>Source Files</Filter>
    </ClCompile>
    <ClCompile Include="PreProcessor\StatementTest.cpp">
      <Filter>Source Files</Filter>
    </ClCompile>
    <ClCompile Include="PKB\FollowStorageTest.cpp">
      <Filter>Source Files</Filter>
    </ClCompile>
    <ClCompile Include="Utility\ConditionalExpTest.cpp">
      <Filter>Source Files</Filter>
    </ClCompile>
    <ClCompile Include="Utility\ExpressionUtilTest.cpp">
      <Filter>Source Files</Filter>
    </ClCompile>
    <ClCompile Include="Utility\LexicalTokenTest.cpp">
      <Filter>Source Files</Filter>
    </ClCompile>
    <ClCompile Include="PKB\ParentStorageTest.cpp">
      <Filter>Source Files</Filter>
    </ClCompile>
    <ClCompile Include="PKB\UseStorageTest.cpp">
      <Filter>Source Files</Filter>
    </ClCompile>
    <ClCompile Include="PKB\ModifyStorageTest.cpp">
      <Filter>Source Files</Filter>
    </ClCompile>
    <ClCompile Include="Parser\CallParserTest.cpp">
      <Filter>Source Files</Filter>
    </ClCompile>
    <ClCompile Include="DesignExtractor\DesignExtractorTest.cpp">
      <Filter>Source Files</Filter>
    </ClCompile>
    <ClCompile Include="Utility\OptimizerUtilityTest.cpp">
      <Filter>Source Files</Filter>
    </ClCompile>
    <ClCompile Include="PQL\OptimizerTest.cpp">
      <Filter>Source Files</Filter>
    </ClCompile>
    <ClCompile Include="PKB\CallStorageTest.cpp">
      <Filter>Source Files</Filter>
    </ClCompile>
    <ClCompile Include="PKB\NextStorageTest.cpp">
      <Filter>Source Files</Filter>
    </ClCompile>
    <ClCompile Include="DesignExtractor\NextStarTest.cpp">
      <Filter>Source Files</Filter>
    </ClCompile>
    <ClCompile Include="PKB\PKBTest.cpp">
      <Filter>Source Files</Filter>
    </ClCompile>
    <ClCompile Include="PKB\CtrlVarStorageTest.cpp">
      <Filter>Source Files</Filter>
    </ClCompile>
    <ClCompile Include="Utility\QueryUtilityTest.cpp">
      <Filter>Source Files</Filter>
    </ClCompile>
  </ItemGroup>
</Project>